// !$*UTF8*$!
{
	archiveVersion = 1;
	classes = {
	};
	objectVersion = 50;
	objects = {

/* Begin PBXBuildFile section */
		F8F4C486202DD45A00C5A7DA /* AppDelegate.swift in Sources */ = {isa = PBXBuildFile; fileRef = F8F4C485202DD45A00C5A7DA /* AppDelegate.swift */; };
		F8F4C488202DD45A00C5A7DA /* ViewController.swift in Sources */ = {isa = PBXBuildFile; fileRef = F8F4C487202DD45A00C5A7DA /* ViewController.swift */; };
		F8F4C48B202DD45A00C5A7DA /* Main.storyboard in Resources */ = {isa = PBXBuildFile; fileRef = F8F4C489202DD45A00C5A7DA /* Main.storyboard */; };
		F8F4C48D202DD45E00C5A7DA /* Assets.xcassets in Resources */ = {isa = PBXBuildFile; fileRef = F8F4C48C202DD45E00C5A7DA /* Assets.xcassets */; };
		F8F4C490202DD45E00C5A7DA /* LaunchScreen.storyboard in Resources */ = {isa = PBXBuildFile; fileRef = F8F4C48E202DD45E00C5A7DA /* LaunchScreen.storyboard */; };
		F8F4C49B202DD45E00C5A7DA /* RetroCalculatorTests.swift in Sources */ = {isa = PBXBuildFile; fileRef = F8F4C49A202DD45E00C5A7DA /* RetroCalculatorTests.swift */; };
		F8F4C4A6202DD45F00C5A7DA /* RetroCalculatorUITests.swift in Sources */ = {isa = PBXBuildFile; fileRef = F8F4C4A5202DD45F00C5A7DA /* RetroCalculatorUITests.swift */; };
		F8F4C4B4202E327500C5A7DA /* Minecraft.ttf in Resources */ = {isa = PBXBuildFile; fileRef = F8F4C4B3202E327400C5A7DA /* Minecraft.ttf */; };
		F8F4C4B5202E327500C5A7DA /* Minecraft.ttf in Resources */ = {isa = PBXBuildFile; fileRef = F8F4C4B3202E327400C5A7DA /* Minecraft.ttf */; };
		F8F4C4B6202E327500C5A7DA /* Minecraft.ttf in Resources */ = {isa = PBXBuildFile; fileRef = F8F4C4B3202E327400C5A7DA /* Minecraft.ttf */; };
		F8F4C4B8202E333000C5A7DA /* btn.wav in Resources */ = {isa = PBXBuildFile; fileRef = F8F4C4B7202E333000C5A7DA /* btn.wav */; };
		F8F4C4B9202E333000C5A7DA /* btn.wav in Resources */ = {isa = PBXBuildFile; fileRef = F8F4C4B7202E333000C5A7DA /* btn.wav */; };
		F8F4C4BA202E333000C5A7DA /* btn.wav in Resources */ = {isa = PBXBuildFile; fileRef = F8F4C4B7202E333000C5A7DA /* btn.wav */; };
/* End PBXBuildFile section */

/* Begin PBXContainerItemProxy section */
		F8F4C497202DD45E00C5A7DA /* PBXContainerItemProxy */ = {
			isa = PBXContainerItemProxy;
			containerPortal = F8F4C47A202DD45A00C5A7DA /* Project object */;
			proxyType = 1;
			remoteGlobalIDString = F8F4C481202DD45A00C5A7DA;
			remoteInfo = RetroCalculator;
		};
		F8F4C4A2202DD45F00C5A7DA /* PBXContainerItemProxy */ = {
			isa = PBXContainerItemProxy;
			containerPortal = F8F4C47A202DD45A00C5A7DA /* Project object */;
			proxyType = 1;
			remoteGlobalIDString = F8F4C481202DD45A00C5A7DA;
			remoteInfo = RetroCalculator;
		};
/* End PBXContainerItemProxy section */

/* Begin PBXFileReference section */
		F8F4C482202DD45A00C5A7DA /* RetroCalculator.app */ = {isa = PBXFileReference; explicitFileType = wrapper.application; includeInIndex = 0; path = RetroCalculator.app; sourceTree = BUILT_PRODUCTS_DIR; };
		F8F4C485202DD45A00C5A7DA /* AppDelegate.swift */ = {isa = PBXFileReference; lastKnownFileType = sourcecode.swift; path = AppDelegate.swift; sourceTree = "<group>"; };
		F8F4C487202DD45A00C5A7DA /* ViewController.swift */ = {isa = PBXFileReference; lastKnownFileType = sourcecode.swift; path = ViewController.swift; sourceTree = "<group>"; };
		F8F4C48A202DD45A00C5A7DA /* Base */ = {isa = PBXFileReference; lastKnownFileType = file.storyboard; name = Base; path = Base.lproj/Main.storyboard; sourceTree = "<group>"; };
		F8F4C48C202DD45E00C5A7DA /* Assets.xcassets */ = {isa = PBXFileReference; lastKnownFileType = folder.assetcatalog; path = Assets.xcassets; sourceTree = "<group>"; };
		F8F4C48F202DD45E00C5A7DA /* Base */ = {isa = PBXFileReference; lastKnownFileType = file.storyboard; name = Base; path = Base.lproj/LaunchScreen.storyboard; sourceTree = "<group>"; };
		F8F4C491202DD45E00C5A7DA /* Info.plist */ = {isa = PBXFileReference; lastKnownFileType = text.plist.xml; path = Info.plist; sourceTree = "<group>"; };
		F8F4C496202DD45E00C5A7DA /* RetroCalculatorTests.xctest */ = {isa = PBXFileReference; explicitFileType = wrapper.cfbundle; includeInIndex = 0; path = RetroCalculatorTests.xctest; sourceTree = BUILT_PRODUCTS_DIR; };
		F8F4C49A202DD45E00C5A7DA /* RetroCalculatorTests.swift */ = {isa = PBXFileReference; lastKnownFileType = sourcecode.swift; path = RetroCalculatorTests.swift; sourceTree = "<group>"; };
		F8F4C49C202DD45E00C5A7DA /* Info.plist */ = {isa = PBXFileReference; lastKnownFileType = text.plist.xml; path = Info.plist; sourceTree = "<group>"; };
		F8F4C4A1202DD45F00C5A7DA /* RetroCalculatorUITests.xctest */ = {isa = PBXFileReference; explicitFileType = wrapper.cfbundle; includeInIndex = 0; path = RetroCalculatorUITests.xctest; sourceTree = BUILT_PRODUCTS_DIR; };
		F8F4C4A5202DD45F00C5A7DA /* RetroCalculatorUITests.swift */ = {isa = PBXFileReference; lastKnownFileType = sourcecode.swift; path = RetroCalculatorUITests.swift; sourceTree = "<group>"; };
		F8F4C4A7202DD45F00C5A7DA /* Info.plist */ = {isa = PBXFileReference; lastKnownFileType = text.plist.xml; path = Info.plist; sourceTree = "<group>"; };
		F8F4C4B3202E327400C5A7DA /* Minecraft.ttf */ = {isa = PBXFileReference; lastKnownFileType = file; path = Minecraft.ttf; sourceTree = "<group>"; };
		F8F4C4B7202E333000C5A7DA /* btn.wav */ = {isa = PBXFileReference; lastKnownFileType = audio.wav; path = btn.wav; sourceTree = "<group>"; };
/* End PBXFileReference section */

/* Begin PBXFrameworksBuildPhase section */
		F8F4C47F202DD45A00C5A7DA /* Frameworks */ = {
			isa = PBXFrameworksBuildPhase;
			buildActionMask = 2147483647;
			files = (
			);
			runOnlyForDeploymentPostprocessing = 0;
		};
		F8F4C493202DD45E00C5A7DA /* Frameworks */ = {
			isa = PBXFrameworksBuildPhase;
			buildActionMask = 2147483647;
			files = (
			);
			runOnlyForDeploymentPostprocessing = 0;
		};
		F8F4C49E202DD45F00C5A7DA /* Frameworks */ = {
			isa = PBXFrameworksBuildPhase;
			buildActionMask = 2147483647;
			files = (
			);
			runOnlyForDeploymentPostprocessing = 0;
		};
/* End PBXFrameworksBuildPhase section */

/* Begin PBXGroup section */
		F8F4C479202DD45A00C5A7DA = {
			isa = PBXGroup;
			children = (
				F8F4C484202DD45A00C5A7DA /* RetroCalculator */,
				F8F4C499202DD45E00C5A7DA /* RetroCalculatorTests */,
				F8F4C4A4202DD45F00C5A7DA /* RetroCalculatorUITests */,
				F8F4C483202DD45A00C5A7DA /* Products */,
			);
			sourceTree = "<group>";
		};
		F8F4C483202DD45A00C5A7DA /* Products */ = {
			isa = PBXGroup;
			children = (
				F8F4C482202DD45A00C5A7DA /* RetroCalculator.app */,
				F8F4C496202DD45E00C5A7DA /* RetroCalculatorTests.xctest */,
				F8F4C4A1202DD45F00C5A7DA /* RetroCalculatorUITests.xctest */,
			);
			name = Products;
			sourceTree = "<group>";
		};
		F8F4C484202DD45A00C5A7DA /* RetroCalculator */ = {
			isa = PBXGroup;
			children = (
				F8F4C4B3202E327400C5A7DA /* Minecraft.ttf */,
				F8F4C4B7202E333000C5A7DA /* btn.wav */,
				F8F4C485202DD45A00C5A7DA /* AppDelegate.swift */,
				F8F4C487202DD45A00C5A7DA /* ViewController.swift */,
				F8F4C489202DD45A00C5A7DA /* Main.storyboard */,
				F8F4C48C202DD45E00C5A7DA /* Assets.xcassets */,
				F8F4C48E202DD45E00C5A7DA /* LaunchScreen.storyboard */,
				F8F4C491202DD45E00C5A7DA /* Info.plist */,
			);
			path = RetroCalculator;
			sourceTree = "<group>";
		};
		F8F4C499202DD45E00C5A7DA /* RetroCalculatorTests */ = {
			isa = PBXGroup;
			children = (
				F8F4C49A202DD45E00C5A7DA /* RetroCalculatorTests.swift */,
				F8F4C49C202DD45E00C5A7DA /* Info.plist */,
			);
			path = RetroCalculatorTests;
			sourceTree = "<group>";
		};
		F8F4C4A4202DD45F00C5A7DA /* RetroCalculatorUITests */ = {
			isa = PBXGroup;
			children = (
				F8F4C4A5202DD45F00C5A7DA /* RetroCalculatorUITests.swift */,
				F8F4C4A7202DD45F00C5A7DA /* Info.plist */,
			);
			path = RetroCalculatorUITests;
			sourceTree = "<group>";
		};
/* End PBXGroup section */

/* Begin PBXNativeTarget section */
		F8F4C481202DD45A00C5A7DA /* RetroCalculator */ = {
			isa = PBXNativeTarget;
			buildConfigurationList = F8F4C4AA202DD45F00C5A7DA /* Build configuration list for PBXNativeTarget "RetroCalculator" */;
			buildPhases = (
				F8F4C47E202DD45A00C5A7DA /* Sources */,
				F8F4C47F202DD45A00C5A7DA /* Frameworks */,
				F8F4C480202DD45A00C5A7DA /* Resources */,
			);
			buildRules = (
			);
			dependencies = (
			);
			name = RetroCalculator;
			productName = RetroCalculator;
			productReference = F8F4C482202DD45A00C5A7DA /* RetroCalculator.app */;
			productType = "com.apple.product-type.application";
		};
		F8F4C495202DD45E00C5A7DA /* RetroCalculatorTests */ = {
			isa = PBXNativeTarget;
			buildConfigurationList = F8F4C4AD202DD45F00C5A7DA /* Build configuration list for PBXNativeTarget "RetroCalculatorTests" */;
			buildPhases = (
				F8F4C492202DD45E00C5A7DA /* Sources */,
				F8F4C493202DD45E00C5A7DA /* Frameworks */,
				F8F4C494202DD45E00C5A7DA /* Resources */,
			);
			buildRules = (
			);
			dependencies = (
				F8F4C498202DD45E00C5A7DA /* PBXTargetDependency */,
			);
			name = RetroCalculatorTests;
			productName = RetroCalculatorTests;
			productReference = F8F4C496202DD45E00C5A7DA /* RetroCalculatorTests.xctest */;
			productType = "com.apple.product-type.bundle.unit-test";
		};
		F8F4C4A0202DD45F00C5A7DA /* RetroCalculatorUITests */ = {
			isa = PBXNativeTarget;
			buildConfigurationList = F8F4C4B0202DD45F00C5A7DA /* Build configuration list for PBXNativeTarget "RetroCalculatorUITests" */;
			buildPhases = (
				F8F4C49D202DD45F00C5A7DA /* Sources */,
				F8F4C49E202DD45F00C5A7DA /* Frameworks */,
				F8F4C49F202DD45F00C5A7DA /* Resources */,
			);
			buildRules = (
			);
			dependencies = (
				F8F4C4A3202DD45F00C5A7DA /* PBXTargetDependency */,
			);
			name = RetroCalculatorUITests;
			productName = RetroCalculatorUITests;
			productReference = F8F4C4A1202DD45F00C5A7DA /* RetroCalculatorUITests.xctest */;
			productType = "com.apple.product-type.bundle.ui-testing";
		};
/* End PBXNativeTarget section */

/* Begin PBXProject section */
		F8F4C47A202DD45A00C5A7DA /* Project object */ = {
			isa = PBXProject;
			attributes = {
				LastSwiftUpdateCheck = 0930;
				LastUpgradeCheck = 0930;
				ORGANIZATIONNAME = "Andrew Miller";
				TargetAttributes = {
					F8F4C481202DD45A00C5A7DA = {
						CreatedOnToolsVersion = 9.3;
					};
					F8F4C495202DD45E00C5A7DA = {
						CreatedOnToolsVersion = 9.3;
						TestTargetID = F8F4C481202DD45A00C5A7DA;
					};
					F8F4C4A0202DD45F00C5A7DA = {
						CreatedOnToolsVersion = 9.3;
						TestTargetID = F8F4C481202DD45A00C5A7DA;
					};
				};
			};
			buildConfigurationList = F8F4C47D202DD45A00C5A7DA /* Build configuration list for PBXProject "RetroCalculator" */;
			compatibilityVersion = "Xcode 9.3";
			developmentRegion = en;
			hasScannedForEncodings = 0;
			knownRegions = (
				en,
				Base,
			);
			mainGroup = F8F4C479202DD45A00C5A7DA;
			productRefGroup = F8F4C483202DD45A00C5A7DA /* Products */;
			projectDirPath = "";
			projectRoot = "";
			targets = (
				F8F4C481202DD45A00C5A7DA /* RetroCalculator */,
				F8F4C495202DD45E00C5A7DA /* RetroCalculatorTests */,
				F8F4C4A0202DD45F00C5A7DA /* RetroCalculatorUITests */,
			);
		};
/* End PBXProject section */

/* Begin PBXResourcesBuildPhase section */
		F8F4C480202DD45A00C5A7DA /* Resources */ = {
			isa = PBXResourcesBuildPhase;
			buildActionMask = 2147483647;
			files = (
				F8F4C4B8202E333000C5A7DA /* btn.wav in Resources */,
				F8F4C490202DD45E00C5A7DA /* LaunchScreen.storyboard in Resources */,
				F8F4C48D202DD45E00C5A7DA /* Assets.xcassets in Resources */,
				F8F4C4B4202E327500C5A7DA /* Minecraft.ttf in Resources */,
				F8F4C48B202DD45A00C5A7DA /* Main.storyboard in Resources */,
			);
			runOnlyForDeploymentPostprocessing = 0;
		};
		F8F4C494202DD45E00C5A7DA /* Resources */ = {
			isa = PBXResourcesBuildPhase;
			buildActionMask = 2147483647;
			files = (
				F8F4C4B5202E327500C5A7DA /* Minecraft.ttf in Resources */,
				F8F4C4B9202E333000C5A7DA /* btn.wav in Resources */,
			);
			runOnlyForDeploymentPostprocessing = 0;
		};
		F8F4C49F202DD45F00C5A7DA /* Resources */ = {
			isa = PBXResourcesBuildPhase;
			buildActionMask = 2147483647;
			files = (
				F8F4C4B6202E327500C5A7DA /* Minecraft.ttf in Resources */,
				F8F4C4BA202E333000C5A7DA /* btn.wav in Resources */,
			);
			runOnlyForDeploymentPostprocessing = 0;
		};
/* End PBXResourcesBuildPhase section */

/* Begin PBXSourcesBuildPhase section */
		F8F4C47E202DD45A00C5A7DA /* Sources */ = {
			isa = PBXSourcesBuildPhase;
			buildActionMask = 2147483647;
			files = (
				F8F4C488202DD45A00C5A7DA /* ViewController.swift in Sources */,
				F8F4C486202DD45A00C5A7DA /* AppDelegate.swift in Sources */,
			);
			runOnlyForDeploymentPostprocessing = 0;
		};
		F8F4C492202DD45E00C5A7DA /* Sources */ = {
			isa = PBXSourcesBuildPhase;
			buildActionMask = 2147483647;
			files = (
				F8F4C49B202DD45E00C5A7DA /* RetroCalculatorTests.swift in Sources */,
			);
			runOnlyForDeploymentPostprocessing = 0;
		};
		F8F4C49D202DD45F00C5A7DA /* Sources */ = {
			isa = PBXSourcesBuildPhase;
			buildActionMask = 2147483647;
			files = (
				F8F4C4A6202DD45F00C5A7DA /* RetroCalculatorUITests.swift in Sources */,
			);
			runOnlyForDeploymentPostprocessing = 0;
		};
/* End PBXSourcesBuildPhase section */

/* Begin PBXTargetDependency section */
		F8F4C498202DD45E00C5A7DA /* PBXTargetDependency */ = {
			isa = PBXTargetDependency;
			target = F8F4C481202DD45A00C5A7DA /* RetroCalculator */;
			targetProxy = F8F4C497202DD45E00C5A7DA /* PBXContainerItemProxy */;
		};
		F8F4C4A3202DD45F00C5A7DA /* PBXTargetDependency */ = {
			isa = PBXTargetDependency;
			target = F8F4C481202DD45A00C5A7DA /* RetroCalculator */;
			targetProxy = F8F4C4A2202DD45F00C5A7DA /* PBXContainerItemProxy */;
		};
/* End PBXTargetDependency section */

/* Begin PBXVariantGroup section */
		F8F4C489202DD45A00C5A7DA /* Main.storyboard */ = {
			isa = PBXVariantGroup;
			children = (
				F8F4C48A202DD45A00C5A7DA /* Base */,
			);
			name = Main.storyboard;
			sourceTree = "<group>";
		};
		F8F4C48E202DD45E00C5A7DA /* LaunchScreen.storyboard */ = {
			isa = PBXVariantGroup;
			children = (
				F8F4C48F202DD45E00C5A7DA /* Base */,
			);
			name = LaunchScreen.storyboard;
			sourceTree = "<group>";
		};
/* End PBXVariantGroup section */

/* Begin XCBuildConfiguration section */
		F8F4C4A8202DD45F00C5A7DA /* Debug */ = {
			isa = XCBuildConfiguration;
			buildSettings = {
				ALWAYS_SEARCH_USER_PATHS = NO;
				CLANG_ANALYZER_NONNULL = YES;
				CLANG_ANALYZER_NUMBER_OBJECT_CONVERSION = YES_AGGRESSIVE;
				CLANG_CXX_LANGUAGE_STANDARD = "gnu++14";
				CLANG_CXX_LIBRARY = "libc++";
				CLANG_ENABLE_MODULES = YES;
				CLANG_ENABLE_OBJC_ARC = YES;
				CLANG_ENABLE_OBJC_WEAK = YES;
				CLANG_WARN_BLOCK_CAPTURE_AUTORELEASING = YES;
				CLANG_WARN_BOOL_CONVERSION = YES;
				CLANG_WARN_COMMA = YES;
				CLANG_WARN_CONSTANT_CONVERSION = YES;
				CLANG_WARN_DEPRECATED_OBJC_IMPLEMENTATIONS = YES;
				CLANG_WARN_DIRECT_OBJC_ISA_USAGE = YES_ERROR;
				CLANG_WARN_DOCUMENTATION_COMMENTS = YES;
				CLANG_WARN_EMPTY_BODY = YES;
				CLANG_WARN_ENUM_CONVERSION = YES;
				CLANG_WARN_INFINITE_RECURSION = YES;
				CLANG_WARN_INT_CONVERSION = YES;
				CLANG_WARN_NON_LITERAL_NULL_CONVERSION = YES;
				CLANG_WARN_OBJC_IMPLICIT_RETAIN_SELF = YES;
				CLANG_WARN_OBJC_LITERAL_CONVERSION = YES;
				CLANG_WARN_OBJC_ROOT_CLASS = YES_ERROR;
				CLANG_WARN_RANGE_LOOP_ANALYSIS = YES;
				CLANG_WARN_STRICT_PROTOTYPES = YES;
				CLANG_WARN_SUSPICIOUS_MOVE = YES;
				CLANG_WARN_UNGUARDED_AVAILABILITY = YES_AGGRESSIVE;
				CLANG_WARN_UNREACHABLE_CODE = YES;
				CLANG_WARN__DUPLICATE_METHOD_MATCH = YES;
				CODE_SIGN_IDENTITY = "iPhone Developer";
				COPY_PHASE_STRIP = NO;
				DEBUG_INFORMATION_FORMAT = dwarf;
				ENABLE_STRICT_OBJC_MSGSEND = YES;
				ENABLE_TESTABILITY = YES;
				GCC_C_LANGUAGE_STANDARD = gnu11;
				GCC_DYNAMIC_NO_PIC = NO;
				GCC_NO_COMMON_BLOCKS = YES;
				GCC_OPTIMIZATION_LEVEL = 0;
				GCC_PREPROCESSOR_DEFINITIONS = (
					"DEBUG=1",
					"$(inherited)",
				);
				GCC_WARN_64_TO_32_BIT_CONVERSION = YES;
				GCC_WARN_ABOUT_RETURN_TYPE = YES_ERROR;
				GCC_WARN_UNDECLARED_SELECTOR = YES;
				GCC_WARN_UNINITIALIZED_AUTOS = YES_AGGRESSIVE;
				GCC_WARN_UNUSED_FUNCTION = YES;
				GCC_WARN_UNUSED_VARIABLE = YES;
				IPHONEOS_DEPLOYMENT_TARGET = 11.3;
				MTL_ENABLE_DEBUG_INFO = YES;
				ONLY_ACTIVE_ARCH = YES;
				SDKROOT = iphoneos;
				SWIFT_ACTIVE_COMPILATION_CONDITIONS = DEBUG;
				SWIFT_OPTIMIZATION_LEVEL = "-Onone";
			};
			name = Debug;
		};
		F8F4C4A9202DD45F00C5A7DA /* Release */ = {
			isa = XCBuildConfiguration;
			buildSettings = {
				ALWAYS_SEARCH_USER_PATHS = NO;
				CLANG_ANALYZER_NONNULL = YES;
				CLANG_ANALYZER_NUMBER_OBJECT_CONVERSION = YES_AGGRESSIVE;
				CLANG_CXX_LANGUAGE_STANDARD = "gnu++14";
				CLANG_CXX_LIBRARY = "libc++";
				CLANG_ENABLE_MODULES = YES;
				CLANG_ENABLE_OBJC_ARC = YES;
				CLANG_ENABLE_OBJC_WEAK = YES;
				CLANG_WARN_BLOCK_CAPTURE_AUTORELEASING = YES;
				CLANG_WARN_BOOL_CONVERSION = YES;
				CLANG_WARN_COMMA = YES;
				CLANG_WARN_CONSTANT_CONVERSION = YES;
				CLANG_WARN_DEPRECATED_OBJC_IMPLEMENTATIONS = YES;
				CLANG_WARN_DIRECT_OBJC_ISA_USAGE = YES_ERROR;
				CLANG_WARN_DOCUMENTATION_COMMENTS = YES;
				CLANG_WARN_EMPTY_BODY = YES;
				CLANG_WARN_ENUM_CONVERSION = YES;
				CLANG_WARN_INFINITE_RECURSION = YES;
				CLANG_WARN_INT_CONVERSION = YES;
				CLANG_WARN_NON_LITERAL_NULL_CONVERSION = YES;
				CLANG_WARN_OBJC_IMPLICIT_RETAIN_SELF = YES;
				CLANG_WARN_OBJC_LITERAL_CONVERSION = YES;
				CLANG_WARN_OBJC_ROOT_CLASS = YES_ERROR;
				CLANG_WARN_RANGE_LOOP_ANALYSIS = YES;
				CLANG_WARN_STRICT_PROTOTYPES = YES;
				CLANG_WARN_SUSPICIOUS_MOVE = YES;
				CLANG_WARN_UNGUARDED_AVAILABILITY = YES_AGGRESSIVE;
				CLANG_WARN_UNREACHABLE_CODE = YES;
				CLANG_WARN__DUPLICATE_METHOD_MATCH = YES;
				CODE_SIGN_IDENTITY = "iPhone Developer";
				COPY_PHASE_STRIP = NO;
				DEBUG_INFORMATION_FORMAT = "dwarf-with-dsym";
				ENABLE_NS_ASSERTIONS = NO;
				ENABLE_STRICT_OBJC_MSGSEND = YES;
				GCC_C_LANGUAGE_STANDARD = gnu11;
				GCC_NO_COMMON_BLOCKS = YES;
				GCC_WARN_64_TO_32_BIT_CONVERSION = YES;
				GCC_WARN_ABOUT_RETURN_TYPE = YES_ERROR;
				GCC_WARN_UNDECLARED_SELECTOR = YES;
				GCC_WARN_UNINITIALIZED_AUTOS = YES_AGGRESSIVE;
				GCC_WARN_UNUSED_FUNCTION = YES;
				GCC_WARN_UNUSED_VARIABLE = YES;
				IPHONEOS_DEPLOYMENT_TARGET = 11.3;
				MTL_ENABLE_DEBUG_INFO = NO;
				SDKROOT = iphoneos;
				SWIFT_OPTIMIZATION_LEVEL = "-Owholemodule";
				VALIDATE_PRODUCT = YES;
			};
			name = Release;
		};
		F8F4C4AB202DD45F00C5A7DA /* Debug */ = {
			isa = XCBuildConfiguration;
			buildSettings = {
				ASSETCATALOG_COMPILER_APPICON_NAME = AppIcon;
				CODE_SIGN_STYLE = Automatic;
				DEVELOPMENT_TEAM = 67H43KT2PM;
				INFOPLIST_FILE = RetroCalculator/Info.plist;
				LD_RUNPATH_SEARCH_PATHS = (
					"$(inherited)",
					"@executable_path/Frameworks",
				);
				PRODUCT_BUNDLE_IDENTIFIER = com.andrewmiller167.RetroCalculator;
				PRODUCT_NAME = "$(TARGET_NAME)";
				SWIFT_VERSION = 4.0;
				TARGETED_DEVICE_FAMILY = "1,2";
			};
			name = Debug;
		};
		F8F4C4AC202DD45F00C5A7DA /* Release */ = {
			isa = XCBuildConfiguration;
			buildSettings = {
				ASSETCATALOG_COMPILER_APPICON_NAME = AppIcon;
				CODE_SIGN_STYLE = Automatic;
				DEVELOPMENT_TEAM = 67H43KT2PM;
				INFOPLIST_FILE = RetroCalculator/Info.plist;
				LD_RUNPATH_SEARCH_PATHS = (
					"$(inherited)",
					"@executable_path/Frameworks",
				);
				PRODUCT_BUNDLE_IDENTIFIER = com.andrewmiller167.RetroCalculator;
				PRODUCT_NAME = "$(TARGET_NAME)";
				SWIFT_VERSION = 4.0;
				TARGETED_DEVICE_FAMILY = "1,2";
			};
			name = Release;
		};
		F8F4C4AE202DD45F00C5A7DA /* Debug */ = {
			isa = XCBuildConfiguration;
			buildSettings = {
				ALWAYS_EMBED_SWIFT_STANDARD_LIBRARIES = YES;
				BUNDLE_LOADER = "$(TEST_HOST)";
				CODE_SIGN_STYLE = Automatic;
				DEVELOPMENT_TEAM = 67H43KT2PM;
				INFOPLIST_FILE = RetroCalculatorTests/Info.plist;
				LD_RUNPATH_SEARCH_PATHS = (
					"$(inherited)",
					"@executable_path/Frameworks",
					"@loader_path/Frameworks",
				);
				PRODUCT_BUNDLE_IDENTIFIER = com.andrewmiller167.RetroCalculatorTests;
				PRODUCT_NAME = "$(TARGET_NAME)";
				SWIFT_VERSION = 4.0;
				TARGETED_DEVICE_FAMILY = "1,2";
				TEST_HOST = "$(BUILT_PRODUCTS_DIR)/RetroCalculator.app/RetroCalculator";
			};
			name = Debug;
		};
		F8F4C4AF202DD45F00C5A7DA /* Release */ = {
			isa = XCBuildConfiguration;
			buildSettings = {
				ALWAYS_EMBED_SWIFT_STANDARD_LIBRARIES = YES;
				BUNDLE_LOADER = "$(TEST_HOST)";
				CODE_SIGN_STYLE = Automatic;
				DEVELOPMENT_TEAM = 67H43KT2PM;
				INFOPLIST_FILE = RetroCalculatorTests/Info.plist;
				LD_RUNPATH_SEARCH_PATHS = (
					"$(inherited)",
					"@executable_path/Frameworks",
					"@loader_path/Frameworks",
				);
				PRODUCT_BUNDLE_IDENTIFIER = com.andrewmiller167.RetroCalculatorTests;
				PRODUCT_NAME = "$(TARGET_NAME)";
				SWIFT_VERSION = 4.0;
				TARGETED_DEVICE_FAMILY = "1,2";
				TEST_HOST = "$(BUILT_PRODUCTS_DIR)/RetroCalculator.app/RetroCalculator";
			};
			name = Release;
		};
		F8F4C4B1202DD45F00C5A7DA /* Debug */ = {
			isa = XCBuildConfiguration;
			buildSettings = {
				ALWAYS_EMBED_SWIFT_STANDARD_LIBRARIES = YES;
				CODE_SIGN_STYLE = Automatic;
				DEVELOPMENT_TEAM = 67H43KT2PM;
				INFOPLIST_FILE = RetroCalculatorUITests/Info.plist;
				LD_RUNPATH_SEARCH_PATHS = (
					"$(inherited)",
					"@executable_path/Frameworks",
					"@loader_path/Frameworks",
				);
				PRODUCT_BUNDLE_IDENTIFIER = com.andrewmiller167.RetroCalculatorUITests;
				PRODUCT_NAME = "$(TARGET_NAME)";
				SWIFT_VERSION = 4.0;
				TARGETED_DEVICE_FAMILY = "1,2";
				TEST_TARGET_NAME = RetroCalculator;
			};
			name = Debug;
		};
		F8F4C4B2202DD45F00C5A7DA /* Release */ = {
			isa = XCBuildConfiguration;
			buildSettings = {
				ALWAYS_EMBED_SWIFT_STANDARD_LIBRARIES = YES;
				CODE_SIGN_STYLE = Automatic;
				DEVELOPMENT_TEAM = 67H43KT2PM;
				INFOPLIST_FILE = RetroCalculatorUITests/Info.plist;
				LD_RUNPATH_SEARCH_PATHS = (
					"$(inherited)",
					"@executable_path/Frameworks",
					"@loader_path/Frameworks",
				);
				PRODUCT_BUNDLE_IDENTIFIER = com.andrewmiller167.RetroCalculatorUITests;
				PRODUCT_NAME = "$(TARGET_NAME)";
				SWIFT_VERSION = 4.0;
				TARGETED_DEVICE_FAMILY = "1,2";
				TEST_TARGET_NAME = RetroCalculator;
			};
			name = Release;
		};
/* End XCBuildConfiguration section */

/* Begin XCConfigurationList section */
		F8F4C47D202DD45A00C5A7DA /* Build configuration list for PBXProject "RetroCalculator" */ = {
			isa = XCConfigurationList;
			buildConfigurations = (
				F8F4C4A8202DD45F00C5A7DA /* Debug */,
				F8F4C4A9202DD45F00C5A7DA /* Release */,
			);
			defaultConfigurationIsVisible = 0;
			defaultConfigurationName = Release;
		};
		F8F4C4AA202DD45F00C5A7DA /* Build configuration list for PBXNativeTarget "RetroCalculator" */ = {
			isa = XCConfigurationList;
			buildConfigurations = (
				F8F4C4AB202DD45F00C5A7DA /* Debug */,
				F8F4C4AC202DD45F00C5A7DA /* Release */,
			);
			defaultConfigurationIsVisible = 0;
			defaultConfigurationName = Release;
		};
		F8F4C4AD202DD45F00C5A7DA /* Build configuration list for PBXNativeTarget "RetroCalculatorTests" */ = {
			isa = XCConfigurationList;
			buildConfigurations = (
				F8F4C4AE202DD45F00C5A7DA /* Debug */,
				F8F4C4AF202DD45F00C5A7DA /* Release */,
			);
			defaultConfigurationIsVisible = 0;
			defaultConfigurationName = Release;
		};
		F8F4C4B0202DD45F00C5A7DA /* Build configuration list for PBXNativeTarget "RetroCalculatorUITests" */ = {
			isa = XCConfigurationList;
			buildConfigurations = (
				F8F4C4B1202DD45F00C5A7DA /* Debug */,
				F8F4C4B2202DD45F00C5A7DA /* Release */,
			);
			defaultConfigurationIsVisible = 0;
			defaultConfigurationName = Release;
		};
/* End XCConfigurationList section */
	};
	rootObject = F8F4C47A202DD45A00C5A7DA /* Project object */;
}
